schema: '2.0'
stages:
  prepare:
    cmd: echo "Verificando que los datos existen..."
    deps:
    - path: data/iris_dataset.csv
      hash: md5
      md5: abb18d9b52983b148018b1d7d540d906
      size: 2794
  train:
    cmd: python train.py --n_estimators 450
    deps:
    - path: data/iris_dataset.csv
      hash: md5
      md5: abb18d9b52983b148018b1d7d540d906
      size: 2794
    - path: requirements.txt
      hash: md5
      md5: c51d5dae66a206e3f322f842006aa314
      size: 101
    - path: train.py
      hash: md5
      md5: e36ffbf9e4359ba32c4f54aaa4b07cd4
      size: 3113
    params:
      params.yaml:
        train.n_estimators: 450
    outs:
    - path: confusion_matrix.png
      hash: md5
      md5: 0b275eccfc974dd59c9863a7c91f2804
      size: 20802
    - path: mlflow_metrics.json
      hash: md5
      md5: c23a4b845cfcb729bc77225aaa6b5134
      size: 32
    - path: model.pkl
      hash: md5
      md5: 8d421a7a56355f0cb5f78ba33b8d5f0b
      size: 792369
